
Microsoft Visual Studio Solution File, Format Version 12.00
# Visual Studio Version 16
VisualStudioVersion = 16.0.31205.134
MinimumVisualStudioVersion = 10.0.40219.1
Project("{FAE04EC0-301F-11D3-BF4B-00C04F79EFBC}") = "WebApplicationProject", "WebApplicationProject\WebApplicationProject.csproj", "{48F9E88E-428A-4785-8892-27012A3F5759}"
EndProject
Global
	GlobalSection(SolutionConfigurationPlatforms) = preSolution
		Debug|Any CPU = Debug|Any CPU
		Release|Any CPU = Release|Any CPU
	EndGlobalSection
	GlobalSection(ProjectConfigurationPlatforms) = postSolution
		{48F9E88E-428A-4785-8892-27012A3F5759}.Debug|Any CPU.ActiveCfg = Debug|Any CPU
		{48F9E88E-428A-4785-8892-27012A3F5759}.Debug|Any CPU.Build.0 = Debug|Any CPU
		{48F9E88E-428A-4785-8892-27012A3F5759}.Release|Any CPU.ActiveCfg = Release|Any CPU
		{48F9E88E-428A-4785-8892-27012A3F5759}.Release|Any CPU.Build.0 = Release|Any CPU
	EndGlobalSection
	GlobalSection(SolutionProperties) = preSolution
		HideSolutionNode = FALSE
	EndGlobalSection
	GlobalSection(ExtensibilityGlobals) = postSolution
		SolutionGuid = {1478193B-1753-4EC2-AF97-15FD68B4C707}
	EndGlobalSection
EndGlobal
